<Solution Description="Visual Studio slnx file generated by Premake" Version="1.4">
  <Configurations>
    <BuildType Name="Debug" />
    <BuildType Name="Dist" />
    <BuildType Name="Release" />
    <Platform Name="x64" />
  </Configurations>
  <Project Path="smg.vcxproj" Id="8CAA880B-F8B3-887C-812F-9F7CED37947C" DefaultStartup="true">
  </Project>
</Solution>